
Microsoft Visual Studio Solution File, Format Version 12.00
# Visual Studio Version 17
VisualStudioVersion = 17.10.35013.160
MinimumVisualStudioVersion = 10.0.40219.1
Project("{FAE04EC0-301F-11D3-BF4B-00C04F79EFBC}") = "RUP Integrator", "RUP Integrator.csproj", "{48F69EC2-9700-4B83-B4F7-34DD95F0F700}"
EndProject
Project("{FAE04EC0-301F-11D3-BF4B-00C04F79EFBC}") = "RupFinder", "..\RupFinder\RupFinder.csproj", "{814FEBB7-B8BD-49B0-BC83-DABDA209BDDC}"
EndProject
Project("{FAE04EC0-301F-11D3-BF4B-00C04F79EFBC}") = "RupLoader", "..\RupLoader\RupLoader.csproj", "{63B9A85D-FA15-42AA-BBD1-FE770BECC2D9}"
EndProject
Project("{FAE04EC0-301F-11D3-BF4B-00C04F79EFBC}") = "RupStarter", "..\RupStarter\RupStarter.csproj", "{AE44186A-B203-42F3-8254-50A57DA77FCC}"
EndProject
Project("{FAE04EC0-301F-11D3-BF4B-00C04F79EFBC}") = "RupBig", "RupBig\RupBig.csproj", "{A60A582B-8448-4124-88BE-47CBB0C2AEF9}"
EndProject
Project("{FAE04EC0-301F-11D3-BF4B-00C04F79EFBC}") = "Ex2PscdInterface", "..\Ex2PscdInterface\Ex2PscdInterface.csproj", "{D3D2A69C-5FEF-4637-BE6A-1065154DC3E1}"
EndProject
Project("{FAE04EC0-301F-11D3-BF4B-00C04F79EFBC}") = "MessageSignature", "..\MessageSignature\MessageSignature.csproj", "{8CD4F5D7-AC43-4FA3-9C9F-AABEF3B98A0E}"
EndProject
Project("{FAE04EC0-301F-11D3-BF4B-00C04F79EFBC}") = "SapPOHelper", "..\SapPOHelper\SapPOHelper.csproj", "{EFDE74BF-AF02-4F3A-A53B-87FEADCF16BA}"
EndProject
Project("{00D1A9C2-B5F0-4AF3-8072-F6C62B433612}") = "RequestSigner", "..\RequestSigner\RequestSigner.sqlproj", "{4F1BBD01-45AF-40BE-A0FF-1833DAF0557A}"
EndProject
Project("{FAE04EC0-301F-11D3-BF4B-00C04F79EFBC}") = "Rup2ConsService", "..\Rup2ConsService\Rup2ConsService.csproj", "{EA26E1AA-D1AE-4FFF-A445-96C8C6F9F464}"
EndProject
Project("{FAE04EC0-301F-11D3-BF4B-00C04F79EFBC}") = "RupDatabase", "..\RupDatabase\RupDatabase.csproj", "{D9C860EE-5727-42B2-BDC0-F6F54364F39C}"
EndProject
Project("{FAE04EC0-301F-11D3-BF4B-00C04F79EFBC}") = "ConsInterfeces", "..\ConsInterfeces\ConsInterfeces.csproj", "{D42F2ABC-DD26-421F-8401-29EF8D2003B1}"
EndProject
Project("{FAE04EC0-301F-11D3-BF4B-00C04F79EFBC}") = "ConsImport", "..\ConsImport\ConsImport.csproj", "{8F55FE60-ED9E-497B-A8AE-1A85592F154A}"
EndProject
Project("{FAE04EC0-301F-11D3-BF4B-00C04F79EFBC}") = "Cons2RupModel", "..\Cons2RupModel\Cons2RupModel.csproj", "{72BDC17B-4452-4EED-A90D-31EBF8C01595}"
EndProject
Project("{FAE04EC0-301F-11D3-BF4B-00C04F79EFBC}") = "ConsImporterService", "..\ConsImporterService\ConsImporterService.csproj", "{D6EC103D-433D-4621-BD63-D798371F822C}"
EndProject
Global
	GlobalSection(SolutionConfigurationPlatforms) = preSolution
		Debug|Any CPU = Debug|Any CPU
		Debug|Mixed Platforms = Debug|Mixed Platforms
		Debug|x86 = Debug|x86
		Demo|Any CPU = Demo|Any CPU
		Demo|Mixed Platforms = Demo|Mixed Platforms
		Demo|x86 = Demo|x86
		Release|Any CPU = Release|Any CPU
		Release|Mixed Platforms = Release|Mixed Platforms
		Release|x86 = Release|x86
	EndGlobalSection
	GlobalSection(ProjectConfigurationPlatforms) = postSolution
		{48F69EC2-9700-4B83-B4F7-34DD95F0F700}.Debug|Any CPU.ActiveCfg = Debug|x86
		{48F69EC2-9700-4B83-B4F7-34DD95F0F700}.Debug|Mixed Platforms.ActiveCfg = Debug|x86
		{48F69EC2-9700-4B83-B4F7-34DD95F0F700}.Debug|Mixed Platforms.Build.0 = Debug|x86
		{48F69EC2-9700-4B83-B4F7-34DD95F0F700}.Debug|x86.ActiveCfg = Debug|x86
		{48F69EC2-9700-4B83-B4F7-34DD95F0F700}.Debug|x86.Build.0 = Debug|x86
		{48F69EC2-9700-4B83-B4F7-34DD95F0F700}.Demo|Any CPU.ActiveCfg = Demo|x86
		{48F69EC2-9700-4B83-B4F7-34DD95F0F700}.Demo|Mixed Platforms.ActiveCfg = Demo|x86
		{48F69EC2-9700-4B83-B4F7-34DD95F0F700}.Demo|Mixed Platforms.Build.0 = Demo|x86
		{48F69EC2-9700-4B83-B4F7-34DD95F0F700}.Demo|x86.ActiveCfg = Demo|x86
		{48F69EC2-9700-4B83-B4F7-34DD95F0F700}.Release|Any CPU.ActiveCfg = Release|x86
		{48F69EC2-9700-4B83-B4F7-34DD95F0F700}.Release|Mixed Platforms.ActiveCfg = Release|x86
		{48F69EC2-9700-4B83-B4F7-34DD95F0F700}.Release|Mixed Platforms.Build.0 = Release|x86
		{48F69EC2-9700-4B83-B4F7-34DD95F0F700}.Release|x86.ActiveCfg = Release|x86
		{814FEBB7-B8BD-49B0-BC83-DABDA209BDDC}.Debug|Any CPU.ActiveCfg = Debug|x86
		{814FEBB7-B8BD-49B0-BC83-DABDA209BDDC}.Debug|Mixed Platforms.ActiveCfg = Debug|x86
		{814FEBB7-B8BD-49B0-BC83-DABDA209BDDC}.Debug|x86.ActiveCfg = Debug|x86
		{814FEBB7-B8BD-49B0-BC83-DABDA209BDDC}.Debug|x86.Build.0 = Debug|x86
		{814FEBB7-B8BD-49B0-BC83-DABDA209BDDC}.Demo|Any CPU.ActiveCfg = Demo|x86
		{814FEBB7-B8BD-49B0-BC83-DABDA209BDDC}.Demo|Mixed Platforms.ActiveCfg = Demo|x86
		{814FEBB7-B8BD-49B0-BC83-DABDA209BDDC}.Demo|Mixed Platforms.Build.0 = Demo|x86
		{814FEBB7-B8BD-49B0-BC83-DABDA209BDDC}.Demo|x86.ActiveCfg = Demo|x86
		{814FEBB7-B8BD-49B0-BC83-DABDA209BDDC}.Release|Any CPU.ActiveCfg = Release|x86
		{814FEBB7-B8BD-49B0-BC83-DABDA209BDDC}.Release|Mixed Platforms.ActiveCfg = Release|x86
		{814FEBB7-B8BD-49B0-BC83-DABDA209BDDC}.Release|Mixed Platforms.Build.0 = Release|x86
		{814FEBB7-B8BD-49B0-BC83-DABDA209BDDC}.Release|x86.ActiveCfg = Release|x86
		{63B9A85D-FA15-42AA-BBD1-FE770BECC2D9}.Debug|Any CPU.ActiveCfg = Debug|x86
		{63B9A85D-FA15-42AA-BBD1-FE770BECC2D9}.Debug|Mixed Platforms.ActiveCfg = Debug|x86
		{63B9A85D-FA15-42AA-BBD1-FE770BECC2D9}.Debug|Mixed Platforms.Build.0 = Debug|x86
		{63B9A85D-FA15-42AA-BBD1-FE770BECC2D9}.Debug|x86.ActiveCfg = Debug|x86
		{63B9A85D-FA15-42AA-BBD1-FE770BECC2D9}.Debug|x86.Build.0 = Debug|x86
		{63B9A85D-FA15-42AA-BBD1-FE770BECC2D9}.Demo|Any CPU.ActiveCfg = Demo|x86
		{63B9A85D-FA15-42AA-BBD1-FE770BECC2D9}.Demo|Mixed Platforms.ActiveCfg = Demo|x86
		{63B9A85D-FA15-42AA-BBD1-FE770BECC2D9}.Demo|Mixed Platforms.Build.0 = Demo|x86
		{63B9A85D-FA15-42AA-BBD1-FE770BECC2D9}.Demo|x86.ActiveCfg = Demo|x86
		{63B9A85D-FA15-42AA-BBD1-FE770BECC2D9}.Demo|x86.Build.0 = Demo|x86
		{63B9A85D-FA15-42AA-BBD1-FE770BECC2D9}.Release|Any CPU.ActiveCfg = Release|x86
		{63B9A85D-FA15-42AA-BBD1-FE770BECC2D9}.Release|Mixed Platforms.ActiveCfg = Release|x86
		{63B9A85D-FA15-42AA-BBD1-FE770BECC2D9}.Release|Mixed Platforms.Build.0 = Release|x86
		{63B9A85D-FA15-42AA-BBD1-FE770BECC2D9}.Release|x86.ActiveCfg = Release|x86
		{63B9A85D-FA15-42AA-BBD1-FE770BECC2D9}.Release|x86.Build.0 = Release|x86
		{AE44186A-B203-42F3-8254-50A57DA77FCC}.Debug|Any CPU.ActiveCfg = Debug|x86
		{AE44186A-B203-42F3-8254-50A57DA77FCC}.Debug|Mixed Platforms.ActiveCfg = Debug|x86
		{AE44186A-B203-42F3-8254-50A57DA77FCC}.Debug|x86.ActiveCfg = Debug|x86
		{AE44186A-B203-42F3-8254-50A57DA77FCC}.Debug|x86.Build.0 = Debug|x86
		{AE44186A-B203-42F3-8254-50A57DA77FCC}.Demo|Any CPU.ActiveCfg = Demo|x86
		{AE44186A-B203-42F3-8254-50A57DA77FCC}.Demo|Mixed Platforms.ActiveCfg = Demo|x86
		{AE44186A-B203-42F3-8254-50A57DA77FCC}.Demo|Mixed Platforms.Build.0 = Demo|x86
		{AE44186A-B203-42F3-8254-50A57DA77FCC}.Demo|x86.ActiveCfg = Demo|x86
		{AE44186A-B203-42F3-8254-50A57DA77FCC}.Demo|x86.Build.0 = Demo|x86
		{AE44186A-B203-42F3-8254-50A57DA77FCC}.Release|Any CPU.ActiveCfg = Release|x86
		{AE44186A-B203-42F3-8254-50A57DA77FCC}.Release|Mixed Platforms.ActiveCfg = Release|x86
		{AE44186A-B203-42F3-8254-50A57DA77FCC}.Release|Mixed Platforms.Build.0 = Release|x86
		{AE44186A-B203-42F3-8254-50A57DA77FCC}.Release|x86.ActiveCfg = Release|x86
		{AE44186A-B203-42F3-8254-50A57DA77FCC}.Release|x86.Build.0 = Release|x86
		{A60A582B-8448-4124-88BE-47CBB0C2AEF9}.Debug|Any CPU.ActiveCfg = Debug|Any CPU
		{A60A582B-8448-4124-88BE-47CBB0C2AEF9}.Debug|Any CPU.Build.0 = Debug|Any CPU
		{A60A582B-8448-4124-88BE-47CBB0C2AEF9}.Debug|Mixed Platforms.ActiveCfg = Debug|Any CPU
		{A60A582B-8448-4124-88BE-47CBB0C2AEF9}.Debug|Mixed Platforms.Build.0 = Debug|Any CPU
		{A60A582B-8448-4124-88BE-47CBB0C2AEF9}.Debug|x86.ActiveCfg = Debug|Any CPU
		{A60A582B-8448-4124-88BE-47CBB0C2AEF9}.Debug|x86.Build.0 = Debug|Any CPU
		{A60A582B-8448-4124-88BE-47CBB0C2AEF9}.Demo|Any CPU.ActiveCfg = Debug|Any CPU
		{A60A582B-8448-4124-88BE-47CBB0C2AEF9}.Demo|Any CPU.Build.0 = Debug|Any CPU
		{A60A582B-8448-4124-88BE-47CBB0C2AEF9}.Demo|Mixed Platforms.ActiveCfg = Debug|Any CPU
		{A60A582B-8448-4124-88BE-47CBB0C2AEF9}.Demo|Mixed Platforms.Build.0 = Debug|Any CPU
		{A60A582B-8448-4124-88BE-47CBB0C2AEF9}.Demo|x86.ActiveCfg = Debug|Any CPU
		{A60A582B-8448-4124-88BE-47CBB0C2AEF9}.Release|Any CPU.ActiveCfg = Release|Any CPU
		{A60A582B-8448-4124-88BE-47CBB0C2AEF9}.Release|Any CPU.Build.0 = Release|Any CPU
		{A60A582B-8448-4124-88BE-47CBB0C2AEF9}.Release|Mixed Platforms.ActiveCfg = Release|Any CPU
		{A60A582B-8448-4124-88BE-47CBB0C2AEF9}.Release|Mixed Platforms.Build.0 = Release|Any CPU
		{A60A582B-8448-4124-88BE-47CBB0C2AEF9}.Release|x86.ActiveCfg = Release|Any CPU
		{D3D2A69C-5FEF-4637-BE6A-1065154DC3E1}.Debug|Any CPU.ActiveCfg = Debug|Any CPU
		{D3D2A69C-5FEF-4637-BE6A-1065154DC3E1}.Debug|Any CPU.Build.0 = Debug|Any CPU
		{D3D2A69C-5FEF-4637-BE6A-1065154DC3E1}.Debug|Mixed Platforms.ActiveCfg = Debug|Any CPU
		{D3D2A69C-5FEF-4637-BE6A-1065154DC3E1}.Debug|Mixed Platforms.Build.0 = Debug|Any CPU
		{D3D2A69C-5FEF-4637-BE6A-1065154DC3E1}.Debug|x86.ActiveCfg = Debug|Any CPU
		{D3D2A69C-5FEF-4637-BE6A-1065154DC3E1}.Debug|x86.Build.0 = Debug|Any CPU
		{D3D2A69C-5FEF-4637-BE6A-1065154DC3E1}.Demo|Any CPU.ActiveCfg = Debug|Any CPU
		{D3D2A69C-5FEF-4637-BE6A-1065154DC3E1}.Demo|Any CPU.Build.0 = Debug|Any CPU
		{D3D2A69C-5FEF-4637-BE6A-1065154DC3E1}.Demo|Mixed Platforms.ActiveCfg = Debug|Any CPU
		{D3D2A69C-5FEF-4637-BE6A-1065154DC3E1}.Demo|Mixed Platforms.Build.0 = Debug|Any CPU
		{D3D2A69C-5FEF-4637-BE6A-1065154DC3E1}.Demo|x86.ActiveCfg = Debug|Any CPU
		{D3D2A69C-5FEF-4637-BE6A-1065154DC3E1}.Demo|x86.Build.0 = Debug|Any CPU
		{D3D2A69C-5FEF-4637-BE6A-1065154DC3E1}.Release|Any CPU.ActiveCfg = Release|Any CPU
		{D3D2A69C-5FEF-4637-BE6A-1065154DC3E1}.Release|Any CPU.Build.0 = Release|Any CPU
		{D3D2A69C-5FEF-4637-BE6A-1065154DC3E1}.Release|Mixed Platforms.ActiveCfg = Release|Any CPU
		{D3D2A69C-5FEF-4637-BE6A-1065154DC3E1}.Release|Mixed Platforms.Build.0 = Release|Any CPU
		{D3D2A69C-5FEF-4637-BE6A-1065154DC3E1}.Release|x86.ActiveCfg = Release|Any CPU
		{D3D2A69C-5FEF-4637-BE6A-1065154DC3E1}.Release|x86.Build.0 = Release|Any CPU
		{8CD4F5D7-AC43-4FA3-9C9F-AABEF3B98A0E}.Debug|Any CPU.ActiveCfg = Debug|Any CPU
		{8CD4F5D7-AC43-4FA3-9C9F-AABEF3B98A0E}.Debug|Any CPU.Build.0 = Debug|Any CPU
		{8CD4F5D7-AC43-4FA3-9C9F-AABEF3B98A0E}.Debug|Mixed Platforms.ActiveCfg = Debug|Any CPU
		{8CD4F5D7-AC43-4FA3-9C9F-AABEF3B98A0E}.Debug|Mixed Platforms.Build.0 = Debug|Any CPU
		{8CD4F5D7-AC43-4FA3-9C9F-AABEF3B98A0E}.Debug|x86.ActiveCfg = Debug|Any CPU
		{8CD4F5D7-AC43-4FA3-9C9F-AABEF3B98A0E}.Debug|x86.Build.0 = Debug|Any CPU
		{8CD4F5D7-AC43-4FA3-9C9F-AABEF3B98A0E}.Demo|Any CPU.ActiveCfg = Debug|Any CPU
		{8CD4F5D7-AC43-4FA3-9C9F-AABEF3B98A0E}.Demo|Any CPU.Build.0 = Debug|Any CPU
		{8CD4F5D7-AC43-4FA3-9C9F-AABEF3B98A0E}.Demo|Mixed Platforms.ActiveCfg = Debug|Any CPU
		{8CD4F5D7-AC43-4FA3-9C9F-AABEF3B98A0E}.Demo|Mixed Platforms.Build.0 = Debug|Any CPU
		{8CD4F5D7-AC43-4FA3-9C9F-AABEF3B98A0E}.Demo|x86.ActiveCfg = Debug|Any CPU
		{8CD4F5D7-AC43-4FA3-9C9F-AABEF3B98A0E}.Demo|x86.Build.0 = Debug|Any CPU
		{8CD4F5D7-AC43-4FA3-9C9F-AABEF3B98A0E}.Release|Any CPU.ActiveCfg = Release|Any CPU
		{8CD4F5D7-AC43-4FA3-9C9F-AABEF3B98A0E}.Release|Any CPU.Build.0 = Release|Any CPU
		{8CD4F5D7-AC43-4FA3-9C9F-AABEF3B98A0E}.Release|Mixed Platforms.ActiveCfg = Release|Any CPU
		{8CD4F5D7-AC43-4FA3-9C9F-AABEF3B98A0E}.Release|Mixed Platforms.Build.0 = Release|Any CPU
		{8CD4F5D7-AC43-4FA3-9C9F-AABEF3B98A0E}.Release|x86.ActiveCfg = Release|Any CPU
		{8CD4F5D7-AC43-4FA3-9C9F-AABEF3B98A0E}.Release|x86.Build.0 = Release|Any CPU
		{EFDE74BF-AF02-4F3A-A53B-87FEADCF16BA}.Debug|Any CPU.ActiveCfg = Debug|Any CPU
		{EFDE74BF-AF02-4F3A-A53B-87FEADCF16BA}.Debug|Any CPU.Build.0 = Debug|Any CPU
		{EFDE74BF-AF02-4F3A-A53B-87FEADCF16BA}.Debug|Mixed Platforms.ActiveCfg = Debug|Any CPU
		{EFDE74BF-AF02-4F3A-A53B-87FEADCF16BA}.Debug|Mixed Platforms.Build.0 = Debug|Any CPU
		{EFDE74BF-AF02-4F3A-A53B-87FEADCF16BA}.Debug|x86.ActiveCfg = Debug|Any CPU
		{EFDE74BF-AF02-4F3A-A53B-87FEADCF16BA}.Debug|x86.Build.0 = Debug|Any CPU
		{EFDE74BF-AF02-4F3A-A53B-87FEADCF16BA}.Demo|Any CPU.ActiveCfg = Debug|Any CPU
		{EFDE74BF-AF02-4F3A-A53B-87FEADCF16BA}.Demo|Any CPU.Build.0 = Debug|Any CPU
		{EFDE74BF-AF02-4F3A-A53B-87FEADCF16BA}.Demo|Mixed Platforms.ActiveCfg = Debug|Any CPU
		{EFDE74BF-AF02-4F3A-A53B-87FEADCF16BA}.Demo|Mixed Platforms.Build.0 = Debug|Any CPU
		{EFDE74BF-AF02-4F3A-A53B-87FEADCF16BA}.Demo|x86.ActiveCfg = Debug|Any CPU
		{EFDE74BF-AF02-4F3A-A53B-87FEADCF16BA}.Demo|x86.Build.0 = Debug|Any CPU
		{EFDE74BF-AF02-4F3A-A53B-87FEADCF16BA}.Release|Any CPU.ActiveCfg = Release|Any CPU
		{EFDE74BF-AF02-4F3A-A53B-87FEADCF16BA}.Release|Any CPU.Build.0 = Release|Any CPU
		{EFDE74BF-AF02-4F3A-A53B-87FEADCF16BA}.Release|Mixed Platforms.ActiveCfg = Release|Any CPU
		{EFDE74BF-AF02-4F3A-A53B-87FEADCF16BA}.Release|Mixed Platforms.Build.0 = Release|Any CPU
		{EFDE74BF-AF02-4F3A-A53B-87FEADCF16BA}.Release|x86.ActiveCfg = Release|Any CPU
		{EFDE74BF-AF02-4F3A-A53B-87FEADCF16BA}.Release|x86.Build.0 = Release|Any CPU
		{4F1BBD01-45AF-40BE-A0FF-1833DAF0557A}.Debug|Any CPU.ActiveCfg = Debug|Any CPU
		{4F1BBD01-45AF-40BE-A0FF-1833DAF0557A}.Debug|Any CPU.Build.0 = Debug|Any CPU
		{4F1BBD01-45AF-40BE-A0FF-1833DAF0557A}.Debug|Any CPU.Deploy.0 = Debug|Any CPU
		{4F1BBD01-45AF-40BE-A0FF-1833DAF0557A}.Debug|Mixed Platforms.ActiveCfg = Debug|Any CPU
		{4F1BBD01-45AF-40BE-A0FF-1833DAF0557A}.Debug|Mixed Platforms.Build.0 = Debug|Any CPU
		{4F1BBD01-45AF-40BE-A0FF-1833DAF0557A}.Debug|Mixed Platforms.Deploy.0 = Debug|Any CPU
		{4F1BBD01-45AF-40BE-A0FF-1833DAF0557A}.Debug|x86.ActiveCfg = Debug|Any CPU
		{4F1BBD01-45AF-40BE-A0FF-1833DAF0557A}.Debug|x86.Build.0 = Debug|Any CPU
		{4F1BBD01-45AF-40BE-A0FF-1833DAF0557A}.Debug|x86.Deploy.0 = Debug|Any CPU
		{4F1BBD01-45AF-40BE-A0FF-1833DAF0557A}.Demo|Any CPU.ActiveCfg = Debug|Any CPU
		{4F1BBD01-45AF-40BE-A0FF-1833DAF0557A}.Demo|Any CPU.Build.0 = Debug|Any CPU
		{4F1BBD01-45AF-40BE-A0FF-1833DAF0557A}.Demo|Any CPU.Deploy.0 = Debug|Any CPU
		{4F1BBD01-45AF-40BE-A0FF-1833DAF0557A}.Demo|Mixed Platforms.ActiveCfg = Debug|Any CPU
		{4F1BBD01-45AF-40BE-A0FF-1833DAF0557A}.Demo|Mixed Platforms.Build.0 = Debug|Any CPU
		{4F1BBD01-45AF-40BE-A0FF-1833DAF0557A}.Demo|Mixed Platforms.Deploy.0 = Debug|Any CPU
		{4F1BBD01-45AF-40BE-A0FF-1833DAF0557A}.Demo|x86.ActiveCfg = Debug|Any CPU
		{4F1BBD01-45AF-40BE-A0FF-1833DAF0557A}.Demo|x86.Build.0 = Debug|Any CPU
		{4F1BBD01-45AF-40BE-A0FF-1833DAF0557A}.Demo|x86.Deploy.0 = Debug|Any CPU
		{4F1BBD01-45AF-40BE-A0FF-1833DAF0557A}.Release|Any CPU.ActiveCfg = Release|Any CPU
		{4F1BBD01-45AF-40BE-A0FF-1833DAF0557A}.Release|Any CPU.Build.0 = Release|Any CPU
		{4F1BBD01-45AF-40BE-A0FF-1833DAF0557A}.Release|Any CPU.Deploy.0 = Release|Any CPU
		{4F1BBD01-45AF-40BE-A0FF-1833DAF0557A}.Release|Mixed Platforms.ActiveCfg = Release|Any CPU
		{4F1BBD01-45AF-40BE-A0FF-1833DAF0557A}.Release|Mixed Platforms.Build.0 = Release|Any CPU
		{4F1BBD01-45AF-40BE-A0FF-1833DAF0557A}.Release|Mixed Platforms.Deploy.0 = Release|Any CPU
		{4F1BBD01-45AF-40BE-A0FF-1833DAF0557A}.Release|x86.ActiveCfg = Release|Any CPU
		{4F1BBD01-45AF-40BE-A0FF-1833DAF0557A}.Release|x86.Build.0 = Release|Any CPU
		{4F1BBD01-45AF-40BE-A0FF-1833DAF0557A}.Release|x86.Deploy.0 = Release|Any CPU
		{EA26E1AA-D1AE-4FFF-A445-96C8C6F9F464}.Debug|Any CPU.ActiveCfg = Debug|Any CPU
		{EA26E1AA-D1AE-4FFF-A445-96C8C6F9F464}.Debug|Any CPU.Build.0 = Debug|Any CPU
		{EA26E1AA-D1AE-4FFF-A445-96C8C6F9F464}.Debug|Mixed Platforms.ActiveCfg = Debug|Any CPU
		{EA26E1AA-D1AE-4FFF-A445-96C8C6F9F464}.Debug|Mixed Platforms.Build.0 = Debug|Any CPU
		{EA26E1AA-D1AE-4FFF-A445-96C8C6F9F464}.Debug|x86.ActiveCfg = Debug|Any CPU
		{EA26E1AA-D1AE-4FFF-A445-96C8C6F9F464}.Debug|x86.Build.0 = Debug|Any CPU
		{EA26E1AA-D1AE-4FFF-A445-96C8C6F9F464}.Demo|Any CPU.ActiveCfg = Release|Any CPU
		{EA26E1AA-D1AE-4FFF-A445-96C8C6F9F464}.Demo|Any CPU.Build.0 = Release|Any CPU
		{EA26E1AA-D1AE-4FFF-A445-96C8C6F9F464}.Demo|Mixed Platforms.ActiveCfg = Release|Any CPU
		{EA26E1AA-D1AE-4FFF-A445-96C8C6F9F464}.Demo|Mixed Platforms.Build.0 = Release|Any CPU
		{EA26E1AA-D1AE-4FFF-A445-96C8C6F9F464}.Demo|x86.ActiveCfg = Release|Any CPU
		{EA26E1AA-D1AE-4FFF-A445-96C8C6F9F464}.Demo|x86.Build.0 = Release|Any CPU
		{EA26E1AA-D1AE-4FFF-A445-96C8C6F9F464}.Release|Any CPU.ActiveCfg = Release|Any CPU
		{EA26E1AA-D1AE-4FFF-A445-96C8C6F9F464}.Release|Any CPU.Build.0 = Release|Any CPU
		{EA26E1AA-D1AE-4FFF-A445-96C8C6F9F464}.Release|Mixed Platforms.ActiveCfg = Release|Any CPU
		{EA26E1AA-D1AE-4FFF-A445-96C8C6F9F464}.Release|Mixed Platforms.Build.0 = Release|Any CPU
		{EA26E1AA-D1AE-4FFF-A445-96C8C6F9F464}.Release|x86.ActiveCfg = Release|Any CPU
		{EA26E1AA-D1AE-4FFF-A445-96C8C6F9F464}.Release|x86.Build.0 = Release|Any CPU
		{D9C860EE-5727-42B2-BDC0-F6F54364F39C}.Debug|Any CPU.ActiveCfg = Debug|Any CPU
		{D9C860EE-5727-42B2-BDC0-F6F54364F39C}.Debug|Any CPU.Build.0 = Debug|Any CPU
		{D9C860EE-5727-42B2-BDC0-F6F54364F39C}.Debug|Mixed Platforms.ActiveCfg = Debug|Any CPU
		{D9C860EE-5727-42B2-BDC0-F6F54364F39C}.Debug|Mixed Platforms.Build.0 = Debug|Any CPU
		{D9C860EE-5727-42B2-BDC0-F6F54364F39C}.Debug|x86.ActiveCfg = Debug|Any CPU
		{D9C860EE-5727-42B2-BDC0-F6F54364F39C}.Debug|x86.Build.0 = Debug|Any CPU
		{D9C860EE-5727-42B2-BDC0-F6F54364F39C}.Demo|Any CPU.ActiveCfg = Release|Any CPU
		{D9C860EE-5727-42B2-BDC0-F6F54364F39C}.Demo|Any CPU.Build.0 = Release|Any CPU
		{D9C860EE-5727-42B2-BDC0-F6F54364F39C}.Demo|Mixed Platforms.ActiveCfg = Release|Any CPU
		{D9C860EE-5727-42B2-BDC0-F6F54364F39C}.Demo|Mixed Platforms.Build.0 = Release|Any CPU
		{D9C860EE-5727-42B2-BDC0-F6F54364F39C}.Demo|x86.ActiveCfg = Release|Any CPU
		{D9C860EE-5727-42B2-BDC0-F6F54364F39C}.Demo|x86.Build.0 = Release|Any CPU
		{D9C860EE-5727-42B2-BDC0-F6F54364F39C}.Release|Any CPU.ActiveCfg = Release|Any CPU
		{D9C860EE-5727-42B2-BDC0-F6F54364F39C}.Release|Any CPU.Build.0 = Release|Any CPU
		{D9C860EE-5727-42B2-BDC0-F6F54364F39C}.Release|Mixed Platforms.ActiveCfg = Release|Any CPU
		{D9C860EE-5727-42B2-BDC0-F6F54364F39C}.Release|Mixed Platforms.Build.0 = Release|Any CPU
		{D9C860EE-5727-42B2-BDC0-F6F54364F39C}.Release|x86.ActiveCfg = Release|Any CPU
		{D9C860EE-5727-42B2-BDC0-F6F54364F39C}.Release|x86.Build.0 = Release|Any CPU
		{D42F2ABC-DD26-421F-8401-29EF8D2003B1}.Debug|Any CPU.ActiveCfg = Debug|Any CPU
		{D42F2ABC-DD26-421F-8401-29EF8D2003B1}.Debug|Any CPU.Build.0 = Debug|Any CPU
		{D42F2ABC-DD26-421F-8401-29EF8D2003B1}.Debug|Mixed Platforms.ActiveCfg = Debug|Any CPU
		{D42F2ABC-DD26-421F-8401-29EF8D2003B1}.Debug|Mixed Platforms.Build.0 = Debug|Any CPU
		{D42F2ABC-DD26-421F-8401-29EF8D2003B1}.Debug|x86.ActiveCfg = Debug|Any CPU
		{D42F2ABC-DD26-421F-8401-29EF8D2003B1}.Debug|x86.Build.0 = Debug|Any CPU
		{D42F2ABC-DD26-421F-8401-29EF8D2003B1}.Demo|Any CPU.ActiveCfg = Release|Any CPU
		{D42F2ABC-DD26-421F-8401-29EF8D2003B1}.Demo|Any CPU.Build.0 = Release|Any CPU
		{D42F2ABC-DD26-421F-8401-29EF8D2003B1}.Demo|Mixed Platforms.ActiveCfg = Release|Any CPU
		{D42F2ABC-DD26-421F-8401-29EF8D2003B1}.Demo|Mixed Platforms.Build.0 = Release|Any CPU
		{D42F2ABC-DD26-421F-8401-29EF8D2003B1}.Demo|x86.ActiveCfg = Release|Any CPU
		{D42F2ABC-DD26-421F-8401-29EF8D2003B1}.Demo|x86.Build.0 = Release|Any CPU
		{D42F2ABC-DD26-421F-8401-29EF8D2003B1}.Release|Any CPU.ActiveCfg = Release|Any CPU
		{D42F2ABC-DD26-421F-8401-29EF8D2003B1}.Release|Any CPU.Build.0 = Release|Any CPU
		{D42F2ABC-DD26-421F-8401-29EF8D2003B1}.Release|Mixed Platforms.ActiveCfg = Release|Any CPU
		{D42F2ABC-DD26-421F-8401-29EF8D2003B1}.Release|Mixed Platforms.Build.0 = Release|Any CPU
		{D42F2ABC-DD26-421F-8401-29EF8D2003B1}.Release|x86.ActiveCfg = Release|Any CPU
		{D42F2ABC-DD26-421F-8401-29EF8D2003B1}.Release|x86.Build.0 = Release|Any CPU
		{8F55FE60-ED9E-497B-A8AE-1A85592F154A}.Debug|Any CPU.ActiveCfg = Debug|Any CPU
		{8F55FE60-ED9E-497B-A8AE-1A85592F154A}.Debug|Any CPU.Build.0 = Debug|Any CPU
		{8F55FE60-ED9E-497B-A8AE-1A85592F154A}.Debug|Mixed Platforms.ActiveCfg = Debug|Any CPU
		{8F55FE60-ED9E-497B-A8AE-1A85592F154A}.Debug|Mixed Platforms.Build.0 = Debug|Any CPU
		{8F55FE60-ED9E-497B-A8AE-1A85592F154A}.Debug|x86.ActiveCfg = Debug|Any CPU
		{8F55FE60-ED9E-497B-A8AE-1A85592F154A}.Debug|x86.Build.0 = Debug|Any CPU
		{8F55FE60-ED9E-497B-A8AE-1A85592F154A}.Demo|Any CPU.ActiveCfg = Release|Any CPU
		{8F55FE60-ED9E-497B-A8AE-1A85592F154A}.Demo|Any CPU.Build.0 = Release|Any CPU
		{8F55FE60-ED9E-497B-A8AE-1A85592F154A}.Demo|Mixed Platforms.ActiveCfg = Release|Any CPU
		{8F55FE60-ED9E-497B-A8AE-1A85592F154A}.Demo|Mixed Platforms.Build.0 = Release|Any CPU
		{8F55FE60-ED9E-497B-A8AE-1A85592F154A}.Demo|x86.ActiveCfg = Release|Any CPU
		{8F55FE60-ED9E-497B-A8AE-1A85592F154A}.Demo|x86.Build.0 = Release|Any CPU
		{8F55FE60-ED9E-497B-A8AE-1A85592F154A}.Release|Any CPU.ActiveCfg = Release|Any CPU
		{8F55FE60-ED9E-497B-A8AE-1A85592F154A}.Release|Any CPU.Build.0 = Release|Any CPU
		{8F55FE60-ED9E-497B-A8AE-1A85592F154A}.Release|Mixed Platforms.ActiveCfg = Release|Any CPU
		{8F55FE60-ED9E-497B-A8AE-1A85592F154A}.Release|Mixed Platforms.Build.0 = Release|Any CPU
		{8F55FE60-ED9E-497B-A8AE-1A85592F154A}.Release|x86.ActiveCfg = Release|Any CPU
		{8F55FE60-ED9E-497B-A8AE-1A85592F154A}.Release|x86.Build.0 = Release|Any CPU
		{72BDC17B-4452-4EED-A90D-31EBF8C01595}.Debug|Any CPU.ActiveCfg = Debug|Any CPU
		{72BDC17B-4452-4EED-A90D-31EBF8C01595}.Debug|Any CPU.Build.0 = Debug|Any CPU
		{72BDC17B-4452-4EED-A90D-31EBF8C01595}.Debug|Mixed Platforms.ActiveCfg = Debug|Any CPU
		{72BDC17B-4452-4EED-A90D-31EBF8C01595}.Debug|Mixed Platforms.Build.0 = Debug|Any CPU
		{72BDC17B-4452-4EED-A90D-31EBF8C01595}.Debug|x86.ActiveCfg = Debug|Any CPU
		{72BDC17B-4452-4EED-A90D-31EBF8C01595}.Debug|x86.Build.0 = Debug|Any CPU
		{72BDC17B-4452-4EED-A90D-31EBF8C01595}.Demo|Any CPU.ActiveCfg = Release|Any CPU
		{72BDC17B-4452-4EED-A90D-31EBF8C01595}.Demo|Any CPU.Build.0 = Release|Any CPU
		{72BDC17B-4452-4EED-A90D-31EBF8C01595}.Demo|Mixed Platforms.ActiveCfg = Release|Any CPU
		{72BDC17B-4452-4EED-A90D-31EBF8C01595}.Demo|Mixed Platforms.Build.0 = Release|Any CPU
		{72BDC17B-4452-4EED-A90D-31EBF8C01595}.Demo|x86.ActiveCfg = Release|Any CPU
		{72BDC17B-4452-4EED-A90D-31EBF8C01595}.Demo|x86.Build.0 = Release|Any CPU
		{72BDC17B-4452-4EED-A90D-31EBF8C01595}.Release|Any CPU.ActiveCfg = Release|Any CPU
		{72BDC17B-4452-4EED-A90D-31EBF8C01595}.Release|Any CPU.Build.0 = Release|Any CPU
		{72BDC17B-4452-4EED-A90D-31EBF8C01595}.Release|Mixed Platforms.ActiveCfg = Release|Any CPU
		{72BDC17B-4452-4EED-A90D-31EBF8C01595}.Release|Mixed Platforms.Build.0 = Release|Any CPU
		{72BDC17B-4452-4EED-A90D-31EBF8C01595}.Release|x86.ActiveCfg = Release|Any CPU
		{72BDC17B-4452-4EED-A90D-31EBF8C01595}.Release|x86.Build.0 = Release|Any CPU
		{D6EC103D-433D-4621-BD63-D798371F822C}.Debug|Any CPU.ActiveCfg = Debug|Any CPU
		{D6EC103D-433D-4621-BD63-D798371F822C}.Debug|Any CPU.Build.0 = Debug|Any CPU
		{D6EC103D-433D-4621-BD63-D798371F822C}.Debug|Mixed Platforms.ActiveCfg = Debug|Any CPU
		{D6EC103D-433D-4621-BD63-D798371F822C}.Debug|Mixed Platforms.Build.0 = Debug|Any CPU
		{D6EC103D-433D-4621-BD63-D798371F822C}.Debug|x86.ActiveCfg = Debug|Any CPU
		{D6EC103D-433D-4621-BD63-D798371F822C}.Debug|x86.Build.0 = Debug|Any CPU
		{D6EC103D-433D-4621-BD63-D798371F822C}.Demo|Any CPU.ActiveCfg = Release|Any CPU
		{D6EC103D-433D-4621-BD63-D798371F822C}.Demo|Any CPU.Build.0 = Release|Any CPU
		{D6EC103D-433D-4621-BD63-D798371F822C}.Demo|Mixed Platforms.ActiveCfg = Release|Any CPU
		{D6EC103D-433D-4621-BD63-D798371F822C}.Demo|Mixed Platforms.Build.0 = Release|Any CPU
		{D6EC103D-433D-4621-BD63-D798371F822C}.Demo|x86.ActiveCfg = Release|Any CPU
		{D6EC103D-433D-4621-BD63-D798371F822C}.Demo|x86.Build.0 = Release|Any CPU
		{D6EC103D-433D-4621-BD63-D798371F822C}.Release|Any CPU.ActiveCfg = Release|Any CPU
		{D6EC103D-433D-4621-BD63-D798371F822C}.Release|Any CPU.Build.0 = Release|Any CPU
		{D6EC103D-433D-4621-BD63-D798371F822C}.Release|Mixed Platforms.ActiveCfg = Release|Any CPU
		{D6EC103D-433D-4621-BD63-D798371F822C}.Release|Mixed Platforms.Build.0 = Release|Any CPU
		{D6EC103D-433D-4621-BD63-D798371F822C}.Release|x86.ActiveCfg = Release|Any CPU
		{D6EC103D-433D-4621-BD63-D798371F822C}.Release|x86.Build.0 = Release|Any CPU
	EndGlobalSection
	GlobalSection(SolutionProperties) = preSolution
		HideSolutionNode = FALSE
	EndGlobalSection
	GlobalSection(ExtensibilityGlobals) = postSolution
		SolutionGuid = {DEF8468D-45E2-4273-ACAE-569B74946A49}
	EndGlobalSection
EndGlobal
